
Microsoft Visual Studio Solution File, Format Version 12.00
# Visual Studio Version 16
VisualStudioVersion = 16.0.31605.320
MinimumVisualStudioVersion = 10.0.40219.1
Project("{FAE04EC0-301F-11D3-BF4B-00C04F79EFBC}") = "OC_LAB03", "OC_LAB03\OC_LAB03.csproj", "{9B653CCF-07C0-48E6-84D5-BCA9CA60BD8A}"
EndProject
Global
	GlobalSection(SolutionConfigurationPlatforms) = preSolution
		Debug|Any CPU = Debug|Any CPU
		Release|Any CPU = Release|Any CPU
	EndGlobalSection
	GlobalSection(ProjectConfigurationPlatforms) = postSolution
		{9B653CCF-07C0-48E6-84D5-BCA9CA60BD8A}.Debug|Any CPU.ActiveCfg = Debug|Any CPU
		{9B653CCF-07C0-48E6-84D5-BCA9CA60BD8A}.Debug|Any CPU.Build.0 = Debug|Any CPU
		{9B653CCF-07C0-48E6-84D5-BCA9CA60BD8A}.Release|Any CPU.ActiveCfg = Release|Any CPU
		{9B653CCF-07C0-48E6-84D5-BCA9CA60BD8A}.Release|Any CPU.Build.0 = Release|Any CPU
	EndGlobalSection
	GlobalSection(SolutionProperties) = preSolution
		HideSolutionNode = FALSE
	EndGlobalSection
	GlobalSection(ExtensibilityGlobals) = postSolution
		SolutionGuid = {032336F7-362B-496F-8EF4-607026D67636}
	EndGlobalSection
EndGlobal
